<?xml version="1.0" encoding="utf-8"?>
<Project ToolsVersion="4.0" xmlns="http://schemas.microsoft.com/developer/msbuild/2003">
  <ItemGroup>
    <Filter Include="Hydra">
      <UniqueIdentifier>{BDF6590D-290B-82BE-F28C-251E5E607EEF}</UniqueIdentifier>
    </Filter>
    <Filter Include="Hydra\Events">
      <UniqueIdentifier>{010CD9E9-ED6E-688E-96F4-A04482363411}</UniqueIdentifier>
    </Filter>
  </ItemGroup>
  <ItemGroup>
    <ClInclude Include="src\Hydra.h" />
    <ClInclude Include="src\Hydra\Application.h">
      <Filter>Hydra</Filter>
    </ClInclude>
    <ClInclude Include="src\Hydra\Core.h">
      <Filter>Hydra</Filter>
    </ClInclude>
    <ClInclude Include="src\Hydra\EntryPoint.h">
      <Filter>Hydra</Filter>
    </ClInclude>
    <ClInclude Include="src\Hydra\Events\ApplicationEvent.h">
      <Filter>Hydra\Events</Filter>
    </ClInclude>
    <ClInclude Include="src\Hydra\Events\Event.h">
      <Filter>Hydra\Events</Filter>
    </ClInclude>
    <ClInclude Include="src\Hydra\Events\KeyEvent.h">
      <Filter>Hydra\Events</Filter>
    </ClInclude>
    <ClInclude Include="src\Hydra\Events\MouseEvent.h">
      <Filter>Hydra\Events</Filter>
    </ClInclude>
    <ClInclude Include="src\Hydra\Log.h">
      <Filter>Hydra</Filter>
    </ClInclude>
    <ClInclude Include="src\hdpch.h" />
  </ItemGroup>
  <ItemGroup>
    <ClCompile Include="src\Hydra\Application.cpp">
      <Filter>Hydra</Filter>
    </ClCompile>
    <ClCompile Include="src\Hydra\Log.cpp">
      <Filter>Hydra</Filter>
    </ClCompile>
    <ClCompile Include="src\hdpch.cpp" />
  </ItemGroup>
</Project>